
Microsoft Visual Studio Solution File, Format Version 12.00
# Visual Studio Version 16
VisualStudioVersion = 16.0.29326.143
MinimumVisualStudioVersion = 10.0.40219.1
Project("{FAE04EC0-301F-11D3-BF4B-00C04F79EFBC}") = "Adocao", "Adocao\Adocao.csproj", "{4F136491-5FD0-4B19-833D-0C79E6AA7A68}"
EndProject
Global
	GlobalSection(SolutionConfigurationPlatforms) = preSolution
		Debug|Any CPU = Debug|Any CPU
		Release|Any CPU = Release|Any CPU
	EndGlobalSection
	GlobalSection(ProjectConfigurationPlatforms) = postSolution
		{4F136491-5FD0-4B19-833D-0C79E6AA7A68}.Debug|Any CPU.ActiveCfg = Debug|Any CPU
		{4F136491-5FD0-4B19-833D-0C79E6AA7A68}.Debug|Any CPU.Build.0 = Debug|Any CPU
		{4F136491-5FD0-4B19-833D-0C79E6AA7A68}.Release|Any CPU.ActiveCfg = Release|Any CPU
		{4F136491-5FD0-4B19-833D-0C79E6AA7A68}.Release|Any CPU.Build.0 = Release|Any CPU
	EndGlobalSection
	GlobalSection(SolutionProperties) = preSolution
		HideSolutionNode = FALSE
	EndGlobalSection
	GlobalSection(ExtensibilityGlobals) = postSolution
		SolutionGuid = {95F4EB8E-C73F-48AB-B8E4-B17EDCC1593C}
	EndGlobalSection
EndGlobal
